// !$*UTF8*$!
{
	archiveVersion = 1;
	classes = {
	};
	objectVersion = 50;
	objects = {

/* Begin PBXBuildFile section */
		5714570424BF813B00E4F9E1 /* AddItemViewController.swift in Sources */ = {isa = PBXBuildFile; fileRef = 5714570324BF813B00E4F9E1 /* AddItemViewController.swift */; };
		571D168524BF46FD0089FB6F /* AppDelegate.swift in Sources */ = {isa = PBXBuildFile; fileRef = 571D168424BF46FD0089FB6F /* AppDelegate.swift */; };
		571D168724BF46FD0089FB6F /* SceneDelegate.swift in Sources */ = {isa = PBXBuildFile; fileRef = 571D168624BF46FD0089FB6F /* SceneDelegate.swift */; };
		571D168924BF46FD0089FB6F /* ItemFeedViewController.swift in Sources */ = {isa = PBXBuildFile; fileRef = 571D168824BF46FD0089FB6F /* ItemFeedViewController.swift */; };
		571D168C24BF46FD0089FB6F /* Main.storyboard in Resources */ = {isa = PBXBuildFile; fileRef = 571D168A24BF46FD0089FB6F /* Main.storyboard */; };
		571D168E24BF46FD0089FB6F /* Assets.xcassets in Resources */ = {isa = PBXBuildFile; fileRef = 571D168D24BF46FD0089FB6F /* Assets.xcassets */; };
		571D169124BF46FD0089FB6F /* LaunchScreen.storyboard in Resources */ = {isa = PBXBuildFile; fileRef = 571D168F24BF46FD0089FB6F /* LaunchScreen.storyboard */; };
		571D169924BF47640089FB6F /* Category.swift in Sources */ = {isa = PBXBuildFile; fileRef = 571D169824BF47640089FB6F /* Category.swift */; };
		571D169B24BF48710089FB6F /* Item.swift in Sources */ = {isa = PBXBuildFile; fileRef = 571D169A24BF48710089FB6F /* Item.swift */; };
		571D169D24BF4AE30089FB6F /* DataSource.swift in Sources */ = {isa = PBXBuildFile; fileRef = 571D169C24BF4AE30089FB6F /* DataSource.swift */; };
/* End PBXBuildFile section */

/* Begin PBXFileReference section */
		5714570324BF813B00E4F9E1 /* AddItemViewController.swift */ = {isa = PBXFileReference; lastKnownFileType = sourcecode.swift; path = AddItemViewController.swift; sourceTree = "<group>"; };
		571D168124BF46FD0089FB6F /* ShoppingList.app */ = {isa = PBXFileReference; explicitFileType = wrapper.application; includeInIndex = 0; path = ShoppingList.app; sourceTree = BUILT_PRODUCTS_DIR; };
		571D168424BF46FD0089FB6F /* AppDelegate.swift */ = {isa = PBXFileReference; lastKnownFileType = sourcecode.swift; path = AppDelegate.swift; sourceTree = "<group>"; };
		571D168624BF46FD0089FB6F /* SceneDelegate.swift */ = {isa = PBXFileReference; lastKnownFileType = sourcecode.swift; path = SceneDelegate.swift; sourceTree = "<group>"; };
		571D168824BF46FD0089FB6F /* ItemFeedViewController.swift */ = {isa = PBXFileReference; lastKnownFileType = sourcecode.swift; path = ItemFeedViewController.swift; sourceTree = "<group>"; };
		571D168B24BF46FD0089FB6F /* Base */ = {isa = PBXFileReference; lastKnownFileType = file.storyboard; name = Base; path = Base.lproj/Main.storyboard; sourceTree = "<group>"; };
		571D168D24BF46FD0089FB6F /* Assets.xcassets */ = {isa = PBXFileReference; lastKnownFileType = folder.assetcatalog; path = Assets.xcassets; sourceTree = "<group>"; };
		571D169024BF46FD0089FB6F /* Base */ = {isa = PBXFileReference; lastKnownFileType = file.storyboard; name = Base; path = Base.lproj/LaunchScreen.storyboard; sourceTree = "<group>"; };
		571D169224BF46FD0089FB6F /* Info.plist */ = {isa = PBXFileReference; lastKnownFileType = text.plist.xml; path = Info.plist; sourceTree = "<group>"; };
		571D169824BF47640089FB6F /* Category.swift */ = {isa = PBXFileReference; lastKnownFileType = sourcecode.swift; path = Category.swift; sourceTree = "<group>"; };
		571D169A24BF48710089FB6F /* Item.swift */ = {isa = PBXFileReference; lastKnownFileType = sourcecode.swift; path = Item.swift; sourceTree = "<group>"; };
		571D169C24BF4AE30089FB6F /* DataSource.swift */ = {isa = PBXFileReference; lastKnownFileType = sourcecode.swift; path = DataSource.swift; sourceTree = "<group>"; };
/* End PBXFileReference section */

/* Begin PBXFrameworksBuildPhase section */
		571D167E24BF46FD0089FB6F /* Frameworks */ = {
			isa = PBXFrameworksBuildPhase;
			buildActionMask = 2147483647;
			files = (
			);
			runOnlyForDeploymentPostprocessing = 0;
		};
/* End PBXFrameworksBuildPhase section */

/* Begin PBXGroup section */
		571D167824BF46FD0089FB6F = {
			isa = PBXGroup;
			children = (
				571D168324BF46FD0089FB6F /* ShoppingList */,
				571D168224BF46FD0089FB6F /* Products */,
			);
			sourceTree = "<group>";
		};
		571D168224BF46FD0089FB6F /* Products */ = {
			isa = PBXGroup;
			children = (
				571D168124BF46FD0089FB6F /* ShoppingList.app */,
			);
			name = Products;
			sourceTree = "<group>";
		};
		571D168324BF46FD0089FB6F /* ShoppingList */ = {
			isa = PBXGroup;
			children = (
				571D168424BF46FD0089FB6F /* AppDelegate.swift */,
				571D168624BF46FD0089FB6F /* SceneDelegate.swift */,
				571D169824BF47640089FB6F /* Category.swift */,
				571D169A24BF48710089FB6F /* Item.swift */,
				571D169C24BF4AE30089FB6F /* DataSource.swift */,
				571D168824BF46FD0089FB6F /* ItemFeedViewController.swift */,
				5714570324BF813B00E4F9E1 /* AddItemViewController.swift */,
				571D168A24BF46FD0089FB6F /* Main.storyboard */,
				571D168D24BF46FD0089FB6F /* Assets.xcassets */,
				571D168F24BF46FD0089FB6F /* LaunchScreen.storyboard */,
				571D169224BF46FD0089FB6F /* Info.plist */,
			);
			path = ShoppingList;
			sourceTree = "<group>";
		};
/* End PBXGroup section */

/* Begin PBXNativeTarget section */
		571D168024BF46FD0089FB6F /* ShoppingList */ = {
			isa = PBXNativeTarget;
			buildConfigurationList = 571D169524BF46FD0089FB6F /* Build configuration list for PBXNativeTarget "ShoppingList" */;
			buildPhases = (
				571D167D24BF46FD0089FB6F /* Sources */,
				571D167E24BF46FD0089FB6F /* Frameworks */,
				571D167F24BF46FD0089FB6F /* Resources */,
			);
			buildRules = (
			);
			dependencies = (
			);
			name = ShoppingList;
			productName = ShoppingList;
			productReference = 571D168124BF46FD0089FB6F /* ShoppingList.app */;
			productType = "com.apple.product-type.application";
		};
/* End PBXNativeTarget section */

/* Begin PBXProject section */
		571D167924BF46FD0089FB6F /* Project object */ = {
			isa = PBXProject;
			attributes = {
				LastSwiftUpdateCheck = 1150;
				LastUpgradeCheck = 1150;
				ORGANIZATIONNAME = "Alex Paul";
				TargetAttributes = {
					571D168024BF46FD0089FB6F = {
						CreatedOnToolsVersion = 11.5;
					};
				};
			};
			buildConfigurationList = 571D167C24BF46FD0089FB6F /* Build configuration list for PBXProject "ShoppingList" */;
			compatibilityVersion = "Xcode 9.3";
			developmentRegion = en;
			hasScannedForEncodings = 0;
			knownRegions = (
				en,
				Base,
			);
			mainGroup = 571D167824BF46FD0089FB6F;
			productRefGroup = 571D168224BF46FD0089FB6F /* Products */;
			projectDirPath = "";
			projectRoot = "";
			targets = (
				571D168024BF46FD0089FB6F /* ShoppingList */,
			);
		};
/* End PBXProject section */

/* Begin PBXResourcesBuildPhase section */
		571D167F24BF46FD0089FB6F /* Resources */ = {
			isa = PBXResourcesBuildPhase;
			buildActionMask = 2147483647;
			files = (
				571D169124BF46FD0089FB6F /* LaunchScreen.storyboard in Resources */,
				571D168E24BF46FD0089FB6F /* Assets.xcassets in Resources */,
				571D168C24BF46FD0089FB6F /* Main.storyboard in Resources */,
			);
			runOnlyForDeploymentPostprocessing = 0;
		};
/* End PBXResourcesBuildPhase section */

/* Begin PBXSourcesBuildPhase section */
		571D167D24BF46FD0089FB6F /* Sources */ = {
			isa = PBXSourcesBuildPhase;
			buildActionMask = 2147483647;
			files = (
				571D169D24BF4AE30089FB6F /* DataSource.swift in Sources */,
				571D169B24BF48710089FB6F /* Item.swift in Sources */,
				571D168924BF46FD0089FB6F /* ItemFeedViewController.swift in Sources */,
				571D168524BF46FD0089FB6F /* AppDelegate.swift in Sources */,
				5714570424BF813B00E4F9E1 /* AddItemViewController.swift in Sources */,
				571D168724BF46FD0089FB6F /* SceneDelegate.swift in Sources */,
				571D169924BF47640089FB6F /* Category.swift in Sources */,
			);
			runOnlyForDeploymentPostprocessing = 0;
		};
/* End PBXSourcesBuildPhase section */

/* Begin PBXVariantGroup section */
		571D168A24BF46FD0089FB6F /* Main.storyboard */ = {
			isa = PBXVariantGroup;
			children = (
				571D168B24BF46FD0089FB6F /* Base */,
			);
			name = Main.storyboard;
			sourceTree = "<group>";
		};
		571D168F24BF46FD0089FB6F /* LaunchScreen.storyboard */ = {
			isa = PBXVariantGroup;
			children = (
				571D169024BF46FD0089FB6F /* Base */,
			);
			name = LaunchScreen.storyboard;
			sourceTree = "<group>";
		};
/* End PBXVariantGroup section */

/* Begin XCBuildConfiguration section */
		571D169324BF46FD0089FB6F /* Debug */ = {
			isa = XCBuildConfiguration;
			buildSettings = {
				ALWAYS_SEARCH_USER_PATHS = NO;
				CLANG_ANALYZER_NONNULL = YES;
				CLANG_ANALYZER_NUMBER_OBJECT_CONVERSION = YES_AGGRESSIVE;
				CLANG_CXX_LANGUAGE_STANDARD = "gnu++14";
				CLANG_CXX_LIBRARY = "libc++";
				CLANG_ENABLE_MODULES = YES;
				CLANG_ENABLE_OBJC_ARC = YES;
				CLANG_ENABLE_OBJC_WEAK = YES;
				CLANG_WARN_BLOCK_CAPTURE_AUTORELEASING = YES;
				CLANG_WARN_BOOL_CONVERSION = YES;
				CLANG_WARN_COMMA = YES;
				CLANG_WARN_CONSTANT_CONVERSION = YES;
				CLANG_WARN_DEPRECATED_OBJC_IMPLEMENTATIONS = YES;
				CLANG_WARN_DIRECT_OBJC_ISA_USAGE = YES_ERROR;
				CLANG_WARN_DOCUMENTATION_COMMENTS = YES;
				CLANG_WARN_EMPTY_BODY = YES;
				CLANG_WARN_ENUM_CONVERSION = YES;
				CLANG_WARN_INFINITE_RECURSION = YES;
				CLANG_WARN_INT_CONVERSION = YES;
				CLANG_WARN_NON_LITERAL_NULL_CONVERSION = YES;
				CLANG_WARN_OBJC_IMPLICIT_RETAIN_SELF = YES;
				CLANG_WARN_OBJC_LITERAL_CONVERSION = YES;
				CLANG_WARN_OBJC_ROOT_CLASS = YES_ERROR;
				CLANG_WARN_RANGE_LOOP_ANALYSIS = YES;
				CLANG_WARN_STRICT_PROTOTYPES = YES;
				CLANG_WARN_SUSPICIOUS_MOVE = YES;
				CLANG_WARN_UNGUARDED_AVAILABILITY = YES_AGGRESSIVE;
				CLANG_WARN_UNREACHABLE_CODE = YES;
				CLANG_WARN__DUPLICATE_METHOD_MATCH = YES;
				COPY_PHASE_STRIP = NO;
				DEBUG_INFORMATION_FORMAT = dwarf;
				ENABLE_STRICT_OBJC_MSGSEND = YES;
				ENABLE_TESTABILITY = YES;
				GCC_C_LANGUAGE_STANDARD = gnu11;
				GCC_DYNAMIC_NO_PIC = NO;
				GCC_NO_COMMON_BLOCKS = YES;
				GCC_OPTIMIZATION_LEVEL = 0;
				GCC_PREPROCESSOR_DEFINITIONS = (
					"DEBUG=1",
					"$(inherited)",
				);
				GCC_WARN_64_TO_32_BIT_CONVERSION = YES;
				GCC_WARN_ABOUT_RETURN_TYPE = YES_ERROR;
				GCC_WARN_UNDECLARED_SELECTOR = YES;
				GCC_WARN_UNINITIALIZED_AUTOS = YES_AGGRESSIVE;
				GCC_WARN_UNUSED_FUNCTION = YES;
				GCC_WARN_UNUSED_VARIABLE = YES;
				IPHONEOS_DEPLOYMENT_TARGET = 13.5;
				MTL_ENABLE_DEBUG_INFO = INCLUDE_SOURCE;
				MTL_FAST_MATH = YES;
				ONLY_ACTIVE_ARCH = YES;
				SDKROOT = iphoneos;
				SWIFT_ACTIVE_COMPILATION_CONDITIONS = DEBUG;
				SWIFT_OPTIMIZATION_LEVEL = "-Onone";
			};
			name = Debug;
		};
		571D169424BF46FD0089FB6F /* Release */ = {
			isa = XCBuildConfiguration;
			buildSettings = {
				ALWAYS_SEARCH_USER_PATHS = NO;
				CLANG_ANALYZER_NONNULL = YES;
				CLANG_ANALYZER_NUMBER_OBJECT_CONVERSION = YES_AGGRESSIVE;
				CLANG_CXX_LANGUAGE_STANDARD = "gnu++14";
				CLANG_CXX_LIBRARY = "libc++";
				CLANG_ENABLE_MODULES = YES;
				CLANG_ENABLE_OBJC_ARC = YES;
				CLANG_ENABLE_OBJC_WEAK = YES;
				CLANG_WARN_BLOCK_CAPTURE_AUTORELEASING = YES;
				CLANG_WARN_BOOL_CONVERSION = YES;
				CLANG_WARN_COMMA = YES;
				CLANG_WARN_CONSTANT_CONVERSION = YES;
				CLANG_WARN_DEPRECATED_OBJC_IMPLEMENTATIONS = YES;
				CLANG_WARN_DIRECT_OBJC_ISA_USAGE = YES_ERROR;
				CLANG_WARN_DOCUMENTATION_COMMENTS = YES;
				CLANG_WARN_EMPTY_BODY = YES;
				CLANG_WARN_ENUM_CONVERSION = YES;
				CLANG_WARN_INFINITE_RECURSION = YES;
				CLANG_WARN_INT_CONVERSION = YES;
				CLANG_WARN_NON_LITERAL_NULL_CONVERSION = YES;
				CLANG_WARN_OBJC_IMPLICIT_RETAIN_SELF = YES;
				CLANG_WARN_OBJC_LITERAL_CONVERSION = YES;
				CLANG_WARN_OBJC_ROOT_CLASS = YES_ERROR;
				CLANG_WARN_RANGE_LOOP_ANALYSIS = YES;
				CLANG_WARN_STRICT_PROTOTYPES = YES;
				CLANG_WARN_SUSPICIOUS_MOVE = YES;
				CLANG_WARN_UNGUARDED_AVAILABILITY = YES_AGGRESSIVE;
				CLANG_WARN_UNREACHABLE_CODE = YES;
				CLANG_WARN__DUPLICATE_METHOD_MATCH = YES;
				COPY_PHASE_STRIP = NO;
				DEBUG_INFORMATION_FORMAT = "dwarf-with-dsym";
				ENABLE_NS_ASSERTIONS = NO;
				ENABLE_STRICT_OBJC_MSGSEND = YES;
				GCC_C_LANGUAGE_STANDARD = gnu11;
				GCC_NO_COMMON_BLOCKS = YES;
				GCC_WARN_64_TO_32_BIT_CONVERSION = YES;
				GCC_WARN_ABOUT_RETURN_TYPE = YES_ERROR;
				GCC_WARN_UNDECLARED_SELECTOR = YES;
				GCC_WARN_UNINITIALIZED_AUTOS = YES_AGGRESSIVE;
				GCC_WARN_UNUSED_FUNCTION = YES;
				GCC_WARN_UNUSED_VARIABLE = YES;
				IPHONEOS_DEPLOYMENT_TARGET = 13.5;
				MTL_ENABLE_DEBUG_INFO = NO;
				MTL_FAST_MATH = YES;
				SDKROOT = iphoneos;
				SWIFT_COMPILATION_MODE = wholemodule;
				SWIFT_OPTIMIZATION_LEVEL = "-O";
				VALIDATE_PRODUCT = YES;
			};
			name = Release;
		};
		571D169624BF46FD0089FB6F /* Debug */ = {
			isa = XCBuildConfiguration;
			buildSettings = {
				ASSETCATALOG_COMPILER_APPICON_NAME = AppIcon;
				CODE_SIGN_STYLE = Automatic;
				DEVELOPMENT_TEAM = ZEKMNK5YD3;
				INFOPLIST_FILE = ShoppingList/Info.plist;
				LD_RUNPATH_SEARCH_PATHS = (
					"$(inherited)",
					"@executable_path/Frameworks",
				);
				PRODUCT_BUNDLE_IDENTIFIER = com.alexcpaul.ShoppingList;
				PRODUCT_NAME = "$(TARGET_NAME)";
				SWIFT_VERSION = 5.0;
				TARGETED_DEVICE_FAMILY = "1,2";
			};
			name = Debug;
		};
		571D169724BF46FD0089FB6F /* Release */ = {
			isa = XCBuildConfiguration;
			buildSettings = {
				ASSETCATALOG_COMPILER_APPICON_NAME = AppIcon;
				CODE_SIGN_STYLE = Automatic;
				DEVELOPMENT_TEAM = ZEKMNK5YD3;
				INFOPLIST_FILE = ShoppingList/Info.plist;
				LD_RUNPATH_SEARCH_PATHS = (
					"$(inherited)",
					"@executable_path/Frameworks",
				);
				PRODUCT_BUNDLE_IDENTIFIER = com.alexcpaul.ShoppingList;
				PRODUCT_NAME = "$(TARGET_NAME)";
				SWIFT_VERSION = 5.0;
				TARGETED_DEVICE_FAMILY = "1,2";
			};
			name = Release;
		};
/* End XCBuildConfiguration section */

/* Begin XCConfigurationList section */
		571D167C24BF46FD0089FB6F /* Build configuration list for PBXProject "ShoppingList" */ = {
			isa = XCConfigurationList;
			buildConfigurations = (
				571D169324BF46FD0089FB6F /* Debug */,
				571D169424BF46FD0089FB6F /* Release */,
			);
			defaultConfigurationIsVisible = 0;
			defaultConfigurationName = Release;
		};
		571D169524BF46FD0089FB6F /* Build configuration list for PBXNativeTarget "ShoppingList" */ = {
			isa = XCConfigurationList;
			buildConfigurations = (
				571D169624BF46FD0089FB6F /* Debug */,
				571D169724BF46FD0089FB6F /* Release */,
			);
			defaultConfigurationIsVisible = 0;
			defaultConfigurationName = Release;
		};
/* End XCConfigurationList section */
	};
	rootObject = 571D167924BF46FD0089FB6F /* Project object */;
}
